
Microsoft Visual Studio Solution File, Format Version 11.00
# Visual Studio 2010
Project("{FAE04EC0-301F-11D3-BF4B-00C04F79EFBC}") = "Aqueduct.Appia.Razor", "Aqueduct.Appia.Razor\Aqueduct.Appia.Razor.csproj", "{2C6F51DF-015C-4DB6-B44C-0E5E4F25E2A9}"
EndProject
Project("{2150E333-8FDC-42A3-9474-1A3956D46DE8}") = "Site", "Site", "{4A24657F-9695-437B-9702-2541ED280628}"
EndProject
Project("{2150E333-8FDC-42A3-9474-1A3956D46DE8}") = "build", "build", "{C83115E9-B3B9-4848-9312-5C298CC1B924}"
EndProject
Project("{FAE04EC0-301F-11D3-BF4B-00C04F79EFBC}") = "Aqueduct.Appia.AspNet", "Aqueduct.Appia.AspNet\Aqueduct.Appia.AspNet.csproj", "{E127FED3-01C0-41BA-BF83-D8DCDD827D6A}"
EndProject
Project("{FAE04EC0-301F-11D3-BF4B-00C04F79EFBC}") = "Aqueduct.Appia.Core", "Aqueduct.Appia.Core\Aqueduct.Appia.Core.csproj", "{86F870E7-92F0-44A1-BD1A-10242EB01D04}"
EndProject
Project("{FAE04EC0-301F-11D3-BF4B-00C04F79EFBC}") = "Aqueduct.Appia.Host", "Aqueduct.Appia.Host\Aqueduct.Appia.Host.csproj", "{0B3EA40E-F7D8-4E14-A30F-1536F41B62D1}"
EndProject
Global
	GlobalSection(SolutionConfigurationPlatforms) = preSolution
		Debug|Any CPU = Debug|Any CPU
		Debug|Mixed Platforms = Debug|Mixed Platforms
		Debug|x86 = Debug|x86
		Release|Any CPU = Release|Any CPU
		Release|Mixed Platforms = Release|Mixed Platforms
		Release|x86 = Release|x86
	EndGlobalSection
	GlobalSection(ProjectConfigurationPlatforms) = postSolution
		{2C6F51DF-015C-4DB6-B44C-0E5E4F25E2A9}.Debug|Any CPU.ActiveCfg = Debug|Any CPU
		{2C6F51DF-015C-4DB6-B44C-0E5E4F25E2A9}.Debug|Any CPU.Build.0 = Debug|Any CPU
		{2C6F51DF-015C-4DB6-B44C-0E5E4F25E2A9}.Debug|Mixed Platforms.ActiveCfg = Debug|Any CPU
		{2C6F51DF-015C-4DB6-B44C-0E5E4F25E2A9}.Debug|Mixed Platforms.Build.0 = Debug|Any CPU
		{2C6F51DF-015C-4DB6-B44C-0E5E4F25E2A9}.Debug|x86.ActiveCfg = Debug|Any CPU
		{2C6F51DF-015C-4DB6-B44C-0E5E4F25E2A9}.Release|Any CPU.ActiveCfg = Release|Any CPU
		{2C6F51DF-015C-4DB6-B44C-0E5E4F25E2A9}.Release|Any CPU.Build.0 = Release|Any CPU
		{2C6F51DF-015C-4DB6-B44C-0E5E4F25E2A9}.Release|Mixed Platforms.ActiveCfg = Release|Any CPU
		{2C6F51DF-015C-4DB6-B44C-0E5E4F25E2A9}.Release|Mixed Platforms.Build.0 = Release|Any CPU
		{2C6F51DF-015C-4DB6-B44C-0E5E4F25E2A9}.Release|x86.ActiveCfg = Release|Any CPU
		{E127FED3-01C0-41BA-BF83-D8DCDD827D6A}.Debug|Any CPU.ActiveCfg = Debug|Any CPU
		{E127FED3-01C0-41BA-BF83-D8DCDD827D6A}.Debug|Any CPU.Build.0 = Debug|Any CPU
		{E127FED3-01C0-41BA-BF83-D8DCDD827D6A}.Debug|Mixed Platforms.ActiveCfg = Debug|Any CPU
		{E127FED3-01C0-41BA-BF83-D8DCDD827D6A}.Debug|Mixed Platforms.Build.0 = Debug|Any CPU
		{E127FED3-01C0-41BA-BF83-D8DCDD827D6A}.Debug|x86.ActiveCfg = Debug|Any CPU
		{E127FED3-01C0-41BA-BF83-D8DCDD827D6A}.Release|Any CPU.ActiveCfg = Release|Any CPU
		{E127FED3-01C0-41BA-BF83-D8DCDD827D6A}.Release|Any CPU.Build.0 = Release|Any CPU
		{E127FED3-01C0-41BA-BF83-D8DCDD827D6A}.Release|Mixed Platforms.ActiveCfg = Release|Any CPU
		{E127FED3-01C0-41BA-BF83-D8DCDD827D6A}.Release|Mixed Platforms.Build.0 = Release|Any CPU
		{E127FED3-01C0-41BA-BF83-D8DCDD827D6A}.Release|x86.ActiveCfg = Release|Any CPU
		{86F870E7-92F0-44A1-BD1A-10242EB01D04}.Debug|Any CPU.ActiveCfg = Debug|Any CPU
		{86F870E7-92F0-44A1-BD1A-10242EB01D04}.Debug|Any CPU.Build.0 = Debug|Any CPU
		{86F870E7-92F0-44A1-BD1A-10242EB01D04}.Debug|Mixed Platforms.ActiveCfg = Debug|Any CPU
		{86F870E7-92F0-44A1-BD1A-10242EB01D04}.Debug|Mixed Platforms.Build.0 = Debug|Any CPU
		{86F870E7-92F0-44A1-BD1A-10242EB01D04}.Debug|x86.ActiveCfg = Debug|Any CPU
		{86F870E7-92F0-44A1-BD1A-10242EB01D04}.Release|Any CPU.ActiveCfg = Release|Any CPU
		{86F870E7-92F0-44A1-BD1A-10242EB01D04}.Release|Any CPU.Build.0 = Release|Any CPU
		{86F870E7-92F0-44A1-BD1A-10242EB01D04}.Release|Mixed Platforms.ActiveCfg = Release|Any CPU
		{86F870E7-92F0-44A1-BD1A-10242EB01D04}.Release|Mixed Platforms.Build.0 = Release|Any CPU
		{86F870E7-92F0-44A1-BD1A-10242EB01D04}.Release|x86.ActiveCfg = Release|Any CPU
		{0B3EA40E-F7D8-4E14-A30F-1536F41B62D1}.Debug|Any CPU.ActiveCfg = Debug|x86
		{0B3EA40E-F7D8-4E14-A30F-1536F41B62D1}.Debug|Mixed Platforms.ActiveCfg = Debug|x86
		{0B3EA40E-F7D8-4E14-A30F-1536F41B62D1}.Debug|Mixed Platforms.Build.0 = Debug|x86
		{0B3EA40E-F7D8-4E14-A30F-1536F41B62D1}.Debug|x86.ActiveCfg = Debug|x86
		{0B3EA40E-F7D8-4E14-A30F-1536F41B62D1}.Debug|x86.Build.0 = Debug|x86
		{0B3EA40E-F7D8-4E14-A30F-1536F41B62D1}.Release|Any CPU.ActiveCfg = Release|x86
		{0B3EA40E-F7D8-4E14-A30F-1536F41B62D1}.Release|Mixed Platforms.ActiveCfg = Release|x86
		{0B3EA40E-F7D8-4E14-A30F-1536F41B62D1}.Release|Mixed Platforms.Build.0 = Release|x86
		{0B3EA40E-F7D8-4E14-A30F-1536F41B62D1}.Release|x86.ActiveCfg = Release|x86
		{0B3EA40E-F7D8-4E14-A30F-1536F41B62D1}.Release|x86.Build.0 = Release|x86
	EndGlobalSection
	GlobalSection(SolutionProperties) = preSolution
		HideSolutionNode = FALSE
	EndGlobalSection
	GlobalSection(NestedProjects) = preSolution
		{2C6F51DF-015C-4DB6-B44C-0E5E4F25E2A9} = {4A24657F-9695-437B-9702-2541ED280628}
		{E127FED3-01C0-41BA-BF83-D8DCDD827D6A} = {4A24657F-9695-437B-9702-2541ED280628}
		{86F870E7-92F0-44A1-BD1A-10242EB01D04} = {4A24657F-9695-437B-9702-2541ED280628}
		{0B3EA40E-F7D8-4E14-A30F-1536F41B62D1} = {4A24657F-9695-437B-9702-2541ED280628}
	EndGlobalSection
EndGlobal
